
Microsoft Visual Studio Solution File, Format Version 12.00
# Visual Studio 14
VisualStudioVersion = 14.0.25420.1
MinimumVisualStudioVersion = 10.0.40219.1
Project("{FAE04EC0-301F-11D3-BF4B-00C04F79EFBC}") = "PruebaXamarin.Android", "PruebaXamarin\PruebaXamarin.Android\PruebaXamarin.Android.csproj", "{C8A6E276-E20B-4D3F-A06F-19E775A29539}"
EndProject
Project("{FAE04EC0-301F-11D3-BF4B-00C04F79EFBC}") = "PruebaXamarin", "PruebaXamarin\PruebaXamarin\PruebaXamarin.csproj", "{FF97D5B9-586F-4246-A634-A30E426CAC99}"
EndProject
Project("{FAE04EC0-301F-11D3-BF4B-00C04F79EFBC}") = "PruebaXamarin.iOS", "PruebaXamarin\PruebaXamarin.iOS\PruebaXamarin.iOS.csproj", "{E1ACB06A-20F4-47D6-8C9A-B6823022BFF9}"
EndProject
Global
	GlobalSection(SolutionConfigurationPlatforms) = preSolution
		Ad-Hoc|Any CPU = Ad-Hoc|Any CPU
		Ad-Hoc|ARM = Ad-Hoc|ARM
		Ad-Hoc|iPhone = Ad-Hoc|iPhone
		Ad-Hoc|iPhoneSimulator = Ad-Hoc|iPhoneSimulator
		Ad-Hoc|x64 = Ad-Hoc|x64
		Ad-Hoc|x86 = Ad-Hoc|x86
		AppStore|Any CPU = AppStore|Any CPU
		AppStore|ARM = AppStore|ARM
		AppStore|iPhone = AppStore|iPhone
		AppStore|iPhoneSimulator = AppStore|iPhoneSimulator
		AppStore|x64 = AppStore|x64
		AppStore|x86 = AppStore|x86
		Debug|Any CPU = Debug|Any CPU
		Debug|ARM = Debug|ARM
		Debug|iPhone = Debug|iPhone
		Debug|iPhoneSimulator = Debug|iPhoneSimulator
		Debug|x64 = Debug|x64
		Debug|x86 = Debug|x86
		Release|Any CPU = Release|Any CPU
		Release|ARM = Release|ARM
		Release|iPhone = Release|iPhone
		Release|iPhoneSimulator = Release|iPhoneSimulator
		Release|x64 = Release|x64
		Release|x86 = Release|x86
	EndGlobalSection
	GlobalSection(ProjectConfigurationPlatforms) = postSolution
		{C8A6E276-E20B-4D3F-A06F-19E775A29539}.Ad-Hoc|Any CPU.ActiveCfg = Release|Any CPU
		{C8A6E276-E20B-4D3F-A06F-19E775A29539}.Ad-Hoc|Any CPU.Build.0 = Release|Any CPU
		{C8A6E276-E20B-4D3F-A06F-19E775A29539}.Ad-Hoc|Any CPU.Deploy.0 = Release|Any CPU
		{C8A6E276-E20B-4D3F-A06F-19E775A29539}.Ad-Hoc|ARM.ActiveCfg = Release|Any CPU
		{C8A6E276-E20B-4D3F-A06F-19E775A29539}.Ad-Hoc|ARM.Build.0 = Release|Any CPU
		{C8A6E276-E20B-4D3F-A06F-19E775A29539}.Ad-Hoc|ARM.Deploy.0 = Release|Any CPU
		{C8A6E276-E20B-4D3F-A06F-19E775A29539}.Ad-Hoc|iPhone.ActiveCfg = Release|Any CPU
		{C8A6E276-E20B-4D3F-A06F-19E775A29539}.Ad-Hoc|iPhone.Build.0 = Release|Any CPU
		{C8A6E276-E20B-4D3F-A06F-19E775A29539}.Ad-Hoc|iPhone.Deploy.0 = Release|Any CPU
		{C8A6E276-E20B-4D3F-A06F-19E775A29539}.Ad-Hoc|iPhoneSimulator.ActiveCfg = Release|Any CPU
		{C8A6E276-E20B-4D3F-A06F-19E775A29539}.Ad-Hoc|iPhoneSimulator.Build.0 = Release|Any CPU
		{C8A6E276-E20B-4D3F-A06F-19E775A29539}.Ad-Hoc|iPhoneSimulator.Deploy.0 = Release|Any CPU
		{C8A6E276-E20B-4D3F-A06F-19E775A29539}.Ad-Hoc|x64.ActiveCfg = Release|Any CPU
		{C8A6E276-E20B-4D3F-A06F-19E775A29539}.Ad-Hoc|x64.Build.0 = Release|Any CPU
		{C8A6E276-E20B-4D3F-A06F-19E775A29539}.Ad-Hoc|x64.Deploy.0 = Release|Any CPU
		{C8A6E276-E20B-4D3F-A06F-19E775A29539}.Ad-Hoc|x86.ActiveCfg = Release|Any CPU
		{C8A6E276-E20B-4D3F-A06F-19E775A29539}.Ad-Hoc|x86.Build.0 = Release|Any CPU
		{C8A6E276-E20B-4D3F-A06F-19E775A29539}.Ad-Hoc|x86.Deploy.0 = Release|Any CPU
		{C8A6E276-E20B-4D3F-A06F-19E775A29539}.AppStore|Any CPU.ActiveCfg = Release|Any CPU
		{C8A6E276-E20B-4D3F-A06F-19E775A29539}.AppStore|Any CPU.Build.0 = Release|Any CPU
		{C8A6E276-E20B-4D3F-A06F-19E775A29539}.AppStore|Any CPU.Deploy.0 = Release|Any CPU
		{C8A6E276-E20B-4D3F-A06F-19E775A29539}.AppStore|ARM.ActiveCfg = Release|Any CPU
		{C8A6E276-E20B-4D3F-A06F-19E775A29539}.AppStore|ARM.Build.0 = Release|Any CPU
		{C8A6E276-E20B-4D3F-A06F-19E775A29539}.AppStore|ARM.Deploy.0 = Release|Any CPU
		{C8A6E276-E20B-4D3F-A06F-19E775A29539}.AppStore|iPhone.ActiveCfg = Release|Any CPU
		{C8A6E276-E20B-4D3F-A06F-19E775A29539}.AppStore|iPhone.Build.0 = Release|Any CPU
		{C8A6E276-E20B-4D3F-A06F-19E775A29539}.AppStore|iPhone.Deploy.0 = Release|Any CPU
		{C8A6E276-E20B-4D3F-A06F-19E775A29539}.AppStore|iPhoneSimulator.ActiveCfg = Release|Any CPU
		{C8A6E276-E20B-4D3F-A06F-19E775A29539}.AppStore|iPhoneSimulator.Build.0 = Release|Any CPU
		{C8A6E276-E20B-4D3F-A06F-19E775A29539}.AppStore|iPhoneSimulator.Deploy.0 = Release|Any CPU
		{C8A6E276-E20B-4D3F-A06F-19E775A29539}.AppStore|x64.ActiveCfg = Release|Any CPU
		{C8A6E276-E20B-4D3F-A06F-19E775A29539}.AppStore|x64.Build.0 = Release|Any CPU
		{C8A6E276-E20B-4D3F-A06F-19E775A29539}.AppStore|x64.Deploy.0 = Release|Any CPU
		{C8A6E276-E20B-4D3F-A06F-19E775A29539}.AppStore|x86.ActiveCfg = Release|Any CPU
		{C8A6E276-E20B-4D3F-A06F-19E775A29539}.AppStore|x86.Build.0 = Release|Any CPU
		{C8A6E276-E20B-4D3F-A06F-19E775A29539}.AppStore|x86.Deploy.0 = Release|Any CPU
		{C8A6E276-E20B-4D3F-A06F-19E775A29539}.Debug|Any CPU.ActiveCfg = Debug|Any CPU
		{C8A6E276-E20B-4D3F-A06F-19E775A29539}.Debug|Any CPU.Build.0 = Debug|Any CPU
		{C8A6E276-E20B-4D3F-A06F-19E775A29539}.Debug|Any CPU.Deploy.0 = Debug|Any CPU
		{C8A6E276-E20B-4D3F-A06F-19E775A29539}.Debug|ARM.ActiveCfg = Debug|Any CPU
		{C8A6E276-E20B-4D3F-A06F-19E775A29539}.Debug|ARM.Build.0 = Debug|Any CPU
		{C8A6E276-E20B-4D3F-A06F-19E775A29539}.Debug|ARM.Deploy.0 = Debug|Any CPU
		{C8A6E276-E20B-4D3F-A06F-19E775A29539}.Debug|iPhone.ActiveCfg = Debug|Any CPU
		{C8A6E276-E20B-4D3F-A06F-19E775A29539}.Debug|iPhone.Build.0 = Debug|Any CPU
		{C8A6E276-E20B-4D3F-A06F-19E775A29539}.Debug|iPhone.Deploy.0 = Debug|Any CPU
		{C8A6E276-E20B-4D3F-A06F-19E775A29539}.Debug|iPhoneSimulator.ActiveCfg = Debug|Any CPU
		{C8A6E276-E20B-4D3F-A06F-19E775A29539}.Debug|iPhoneSimulator.Build.0 = Debug|Any CPU
		{C8A6E276-E20B-4D3F-A06F-19E775A29539}.Debug|iPhoneSimulator.Deploy.0 = Debug|Any CPU
		{C8A6E276-E20B-4D3F-A06F-19E775A29539}.Debug|x64.ActiveCfg = Debug|Any CPU
		{C8A6E276-E20B-4D3F-A06F-19E775A29539}.Debug|x64.Build.0 = Debug|Any CPU
		{C8A6E276-E20B-4D3F-A06F-19E775A29539}.Debug|x64.Deploy.0 = Debug|Any CPU
		{C8A6E276-E20B-4D3F-A06F-19E775A29539}.Debug|x86.ActiveCfg = Debug|Any CPU
		{C8A6E276-E20B-4D3F-A06F-19E775A29539}.Debug|x86.Build.0 = Debug|Any CPU
		{C8A6E276-E20B-4D3F-A06F-19E775A29539}.Debug|x86.Deploy.0 = Debug|Any CPU
		{C8A6E276-E20B-4D3F-A06F-19E775A29539}.Release|Any CPU.ActiveCfg = Release|Any CPU
		{C8A6E276-E20B-4D3F-A06F-19E775A29539}.Release|Any CPU.Build.0 = Release|Any CPU
		{C8A6E276-E20B-4D3F-A06F-19E775A29539}.Release|Any CPU.Deploy.0 = Release|Any CPU
		{C8A6E276-E20B-4D3F-A06F-19E775A29539}.Release|ARM.ActiveCfg = Release|Any CPU
		{C8A6E276-E20B-4D3F-A06F-19E775A29539}.Release|ARM.Build.0 = Release|Any CPU
		{C8A6E276-E20B-4D3F-A06F-19E775A29539}.Release|ARM.Deploy.0 = Release|Any CPU
		{C8A6E276-E20B-4D3F-A06F-19E775A29539}.Release|iPhone.ActiveCfg = Release|Any CPU
		{C8A6E276-E20B-4D3F-A06F-19E775A29539}.Release|iPhone.Build.0 = Release|Any CPU
		{C8A6E276-E20B-4D3F-A06F-19E775A29539}.Release|iPhone.Deploy.0 = Release|Any CPU
		{C8A6E276-E20B-4D3F-A06F-19E775A29539}.Release|iPhoneSimulator.ActiveCfg = Release|Any CPU
		{C8A6E276-E20B-4D3F-A06F-19E775A29539}.Release|iPhoneSimulator.Build.0 = Release|Any CPU
		{C8A6E276-E20B-4D3F-A06F-19E775A29539}.Release|iPhoneSimulator.Deploy.0 = Release|Any CPU
		{C8A6E276-E20B-4D3F-A06F-19E775A29539}.Release|x64.ActiveCfg = Release|Any CPU
		{C8A6E276-E20B-4D3F-A06F-19E775A29539}.Release|x64.Build.0 = Release|Any CPU
		{C8A6E276-E20B-4D3F-A06F-19E775A29539}.Release|x64.Deploy.0 = Release|Any CPU
		{C8A6E276-E20B-4D3F-A06F-19E775A29539}.Release|x86.ActiveCfg = Release|Any CPU
		{C8A6E276-E20B-4D3F-A06F-19E775A29539}.Release|x86.Build.0 = Release|Any CPU
		{C8A6E276-E20B-4D3F-A06F-19E775A29539}.Release|x86.Deploy.0 = Release|Any CPU
		{FF97D5B9-586F-4246-A634-A30E426CAC99}.Ad-Hoc|Any CPU.ActiveCfg = Release|Any CPU
		{FF97D5B9-586F-4246-A634-A30E426CAC99}.Ad-Hoc|Any CPU.Build.0 = Release|Any CPU
		{FF97D5B9-586F-4246-A634-A30E426CAC99}.Ad-Hoc|Any CPU.Deploy.0 = Release|Any CPU
		{FF97D5B9-586F-4246-A634-A30E426CAC99}.Ad-Hoc|ARM.ActiveCfg = Release|Any CPU
		{FF97D5B9-586F-4246-A634-A30E426CAC99}.Ad-Hoc|ARM.Build.0 = Release|Any CPU
		{FF97D5B9-586F-4246-A634-A30E426CAC99}.Ad-Hoc|ARM.Deploy.0 = Release|Any CPU
		{FF97D5B9-586F-4246-A634-A30E426CAC99}.Ad-Hoc|iPhone.ActiveCfg = Release|Any CPU
		{FF97D5B9-586F-4246-A634-A30E426CAC99}.Ad-Hoc|iPhone.Build.0 = Release|Any CPU
		{FF97D5B9-586F-4246-A634-A30E426CAC99}.Ad-Hoc|iPhone.Deploy.0 = Release|Any CPU
		{FF97D5B9-586F-4246-A634-A30E426CAC99}.Ad-Hoc|iPhoneSimulator.ActiveCfg = Release|Any CPU
		{FF97D5B9-586F-4246-A634-A30E426CAC99}.Ad-Hoc|iPhoneSimulator.Build.0 = Release|Any CPU
		{FF97D5B9-586F-4246-A634-A30E426CAC99}.Ad-Hoc|iPhoneSimulator.Deploy.0 = Release|Any CPU
		{FF97D5B9-586F-4246-A634-A30E426CAC99}.Ad-Hoc|x64.ActiveCfg = Release|Any CPU
		{FF97D5B9-586F-4246-A634-A30E426CAC99}.Ad-Hoc|x64.Build.0 = Release|Any CPU
		{FF97D5B9-586F-4246-A634-A30E426CAC99}.Ad-Hoc|x64.Deploy.0 = Release|Any CPU
		{FF97D5B9-586F-4246-A634-A30E426CAC99}.Ad-Hoc|x86.ActiveCfg = Release|Any CPU
		{FF97D5B9-586F-4246-A634-A30E426CAC99}.Ad-Hoc|x86.Build.0 = Release|Any CPU
		{FF97D5B9-586F-4246-A634-A30E426CAC99}.Ad-Hoc|x86.Deploy.0 = Release|Any CPU
		{FF97D5B9-586F-4246-A634-A30E426CAC99}.AppStore|Any CPU.ActiveCfg = Release|Any CPU
		{FF97D5B9-586F-4246-A634-A30E426CAC99}.AppStore|Any CPU.Build.0 = Release|Any CPU
		{FF97D5B9-586F-4246-A634-A30E426CAC99}.AppStore|Any CPU.Deploy.0 = Release|Any CPU
		{FF97D5B9-586F-4246-A634-A30E426CAC99}.AppStore|ARM.ActiveCfg = Release|Any CPU
		{FF97D5B9-586F-4246-A634-A30E426CAC99}.AppStore|ARM.Build.0 = Release|Any CPU
		{FF97D5B9-586F-4246-A634-A30E426CAC99}.AppStore|ARM.Deploy.0 = Release|Any CPU
		{FF97D5B9-586F-4246-A634-A30E426CAC99}.AppStore|iPhone.ActiveCfg = Release|Any CPU
		{FF97D5B9-586F-4246-A634-A30E426CAC99}.AppStore|iPhone.Build.0 = Release|Any CPU
		{FF97D5B9-586F-4246-A634-A30E426CAC99}.AppStore|iPhone.Deploy.0 = Release|Any CPU
		{FF97D5B9-586F-4246-A634-A30E426CAC99}.AppStore|iPhoneSimulator.ActiveCfg = Release|Any CPU
		{FF97D5B9-586F-4246-A634-A30E426CAC99}.AppStore|iPhoneSimulator.Build.0 = Release|Any CPU
		{FF97D5B9-586F-4246-A634-A30E426CAC99}.AppStore|iPhoneSimulator.Deploy.0 = Release|Any CPU
		{FF97D5B9-586F-4246-A634-A30E426CAC99}.AppStore|x64.ActiveCfg = Release|Any CPU
		{FF97D5B9-586F-4246-A634-A30E426CAC99}.AppStore|x64.Build.0 = Release|Any CPU
		{FF97D5B9-586F-4246-A634-A30E426CAC99}.AppStore|x64.Deploy.0 = Release|Any CPU
		{FF97D5B9-586F-4246-A634-A30E426CAC99}.AppStore|x86.ActiveCfg = Release|Any CPU
		{FF97D5B9-586F-4246-A634-A30E426CAC99}.AppStore|x86.Build.0 = Release|Any CPU
		{FF97D5B9-586F-4246-A634-A30E426CAC99}.AppStore|x86.Deploy.0 = Release|Any CPU
		{FF97D5B9-586F-4246-A634-A30E426CAC99}.Debug|Any CPU.ActiveCfg = Debug|Any CPU
		{FF97D5B9-586F-4246-A634-A30E426CAC99}.Debug|Any CPU.Build.0 = Debug|Any CPU
		{FF97D5B9-586F-4246-A634-A30E426CAC99}.Debug|Any CPU.Deploy.0 = Debug|Any CPU
		{FF97D5B9-586F-4246-A634-A30E426CAC99}.Debug|ARM.ActiveCfg = Debug|Any CPU
		{FF97D5B9-586F-4246-A634-A30E426CAC99}.Debug|ARM.Build.0 = Debug|Any CPU
		{FF97D5B9-586F-4246-A634-A30E426CAC99}.Debug|ARM.Deploy.0 = Debug|Any CPU
		{FF97D5B9-586F-4246-A634-A30E426CAC99}.Debug|iPhone.ActiveCfg = Debug|Any CPU
		{FF97D5B9-586F-4246-A634-A30E426CAC99}.Debug|iPhone.Build.0 = Debug|Any CPU
		{FF97D5B9-586F-4246-A634-A30E426CAC99}.Debug|iPhone.Deploy.0 = Debug|Any CPU
		{FF97D5B9-586F-4246-A634-A30E426CAC99}.Debug|iPhoneSimulator.ActiveCfg = Debug|Any CPU
		{FF97D5B9-586F-4246-A634-A30E426CAC99}.Debug|iPhoneSimulator.Build.0 = Debug|Any CPU
		{FF97D5B9-586F-4246-A634-A30E426CAC99}.Debug|iPhoneSimulator.Deploy.0 = Debug|Any CPU
		{FF97D5B9-586F-4246-A634-A30E426CAC99}.Debug|x64.ActiveCfg = Debug|Any CPU
		{FF97D5B9-586F-4246-A634-A30E426CAC99}.Debug|x64.Build.0 = Debug|Any CPU
		{FF97D5B9-586F-4246-A634-A30E426CAC99}.Debug|x64.Deploy.0 = Debug|Any CPU
		{FF97D5B9-586F-4246-A634-A30E426CAC99}.Debug|x86.ActiveCfg = Debug|Any CPU
		{FF97D5B9-586F-4246-A634-A30E426CAC99}.Debug|x86.Build.0 = Debug|Any CPU
		{FF97D5B9-586F-4246-A634-A30E426CAC99}.Debug|x86.Deploy.0 = Debug|Any CPU
		{FF97D5B9-586F-4246-A634-A30E426CAC99}.Release|Any CPU.ActiveCfg = Release|Any CPU
		{FF97D5B9-586F-4246-A634-A30E426CAC99}.Release|Any CPU.Build.0 = Release|Any CPU
		{FF97D5B9-586F-4246-A634-A30E426CAC99}.Release|Any CPU.Deploy.0 = Release|Any CPU
		{FF97D5B9-586F-4246-A634-A30E426CAC99}.Release|ARM.ActiveCfg = Release|Any CPU
		{FF97D5B9-586F-4246-A634-A30E426CAC99}.Release|ARM.Build.0 = Release|Any CPU
		{FF97D5B9-586F-4246-A634-A30E426CAC99}.Release|ARM.Deploy.0 = Release|Any CPU
		{FF97D5B9-586F-4246-A634-A30E426CAC99}.Release|iPhone.ActiveCfg = Release|Any CPU
		{FF97D5B9-586F-4246-A634-A30E426CAC99}.Release|iPhone.Build.0 = Release|Any CPU
		{FF97D5B9-586F-4246-A634-A30E426CAC99}.Release|iPhone.Deploy.0 = Release|Any CPU
		{FF97D5B9-586F-4246-A634-A30E426CAC99}.Release|iPhoneSimulator.ActiveCfg = Release|Any CPU
		{FF97D5B9-586F-4246-A634-A30E426CAC99}.Release|iPhoneSimulator.Build.0 = Release|Any CPU
		{FF97D5B9-586F-4246-A634-A30E426CAC99}.Release|iPhoneSimulator.Deploy.0 = Release|Any CPU
		{FF97D5B9-586F-4246-A634-A30E426CAC99}.Release|x64.ActiveCfg = Release|Any CPU
		{FF97D5B9-586F-4246-A634-A30E426CAC99}.Release|x64.Build.0 = Release|Any CPU
		{FF97D5B9-586F-4246-A634-A30E426CAC99}.Release|x64.Deploy.0 = Release|Any CPU
		{FF97D5B9-586F-4246-A634-A30E426CAC99}.Release|x86.ActiveCfg = Release|Any CPU
		{FF97D5B9-586F-4246-A634-A30E426CAC99}.Release|x86.Build.0 = Release|Any CPU
		{FF97D5B9-586F-4246-A634-A30E426CAC99}.Release|x86.Deploy.0 = Release|Any CPU
		{E1ACB06A-20F4-47D6-8C9A-B6823022BFF9}.Ad-Hoc|Any CPU.ActiveCfg = Ad-Hoc|iPhone
		{E1ACB06A-20F4-47D6-8C9A-B6823022BFF9}.Ad-Hoc|Any CPU.Build.0 = Ad-Hoc|iPhone
		{E1ACB06A-20F4-47D6-8C9A-B6823022BFF9}.Ad-Hoc|Any CPU.Deploy.0 = Ad-Hoc|iPhone
		{E1ACB06A-20F4-47D6-8C9A-B6823022BFF9}.Ad-Hoc|ARM.ActiveCfg = Ad-Hoc|iPhone
		{E1ACB06A-20F4-47D6-8C9A-B6823022BFF9}.Ad-Hoc|ARM.Build.0 = Ad-Hoc|iPhone
		{E1ACB06A-20F4-47D6-8C9A-B6823022BFF9}.Ad-Hoc|ARM.Deploy.0 = Ad-Hoc|iPhone
		{E1ACB06A-20F4-47D6-8C9A-B6823022BFF9}.Ad-Hoc|iPhone.ActiveCfg = Ad-Hoc|iPhone
		{E1ACB06A-20F4-47D6-8C9A-B6823022BFF9}.Ad-Hoc|iPhone.Build.0 = Ad-Hoc|iPhone
		{E1ACB06A-20F4-47D6-8C9A-B6823022BFF9}.Ad-Hoc|iPhone.Deploy.0 = Ad-Hoc|iPhone
		{E1ACB06A-20F4-47D6-8C9A-B6823022BFF9}.Ad-Hoc|iPhoneSimulator.ActiveCfg = Ad-Hoc|iPhoneSimulator
		{E1ACB06A-20F4-47D6-8C9A-B6823022BFF9}.Ad-Hoc|iPhoneSimulator.Build.0 = Ad-Hoc|iPhoneSimulator
		{E1ACB06A-20F4-47D6-8C9A-B6823022BFF9}.Ad-Hoc|iPhoneSimulator.Deploy.0 = Ad-Hoc|iPhoneSimulator
		{E1ACB06A-20F4-47D6-8C9A-B6823022BFF9}.Ad-Hoc|x64.ActiveCfg = Ad-Hoc|iPhone
		{E1ACB06A-20F4-47D6-8C9A-B6823022BFF9}.Ad-Hoc|x64.Build.0 = Ad-Hoc|iPhone
		{E1ACB06A-20F4-47D6-8C9A-B6823022BFF9}.Ad-Hoc|x64.Deploy.0 = Ad-Hoc|iPhone
		{E1ACB06A-20F4-47D6-8C9A-B6823022BFF9}.Ad-Hoc|x86.ActiveCfg = Ad-Hoc|iPhone
		{E1ACB06A-20F4-47D6-8C9A-B6823022BFF9}.Ad-Hoc|x86.Build.0 = Ad-Hoc|iPhone
		{E1ACB06A-20F4-47D6-8C9A-B6823022BFF9}.Ad-Hoc|x86.Deploy.0 = Ad-Hoc|iPhone
		{E1ACB06A-20F4-47D6-8C9A-B6823022BFF9}.AppStore|Any CPU.ActiveCfg = AppStore|iPhone
		{E1ACB06A-20F4-47D6-8C9A-B6823022BFF9}.AppStore|Any CPU.Build.0 = AppStore|iPhone
		{E1ACB06A-20F4-47D6-8C9A-B6823022BFF9}.AppStore|Any CPU.Deploy.0 = AppStore|iPhone
		{E1ACB06A-20F4-47D6-8C9A-B6823022BFF9}.AppStore|ARM.ActiveCfg = AppStore|iPhone
		{E1ACB06A-20F4-47D6-8C9A-B6823022BFF9}.AppStore|ARM.Build.0 = AppStore|iPhone
		{E1ACB06A-20F4-47D6-8C9A-B6823022BFF9}.AppStore|ARM.Deploy.0 = AppStore|iPhone
		{E1ACB06A-20F4-47D6-8C9A-B6823022BFF9}.AppStore|iPhone.ActiveCfg = AppStore|iPhone
		{E1ACB06A-20F4-47D6-8C9A-B6823022BFF9}.AppStore|iPhone.Build.0 = AppStore|iPhone
		{E1ACB06A-20F4-47D6-8C9A-B6823022BFF9}.AppStore|iPhone.Deploy.0 = AppStore|iPhone
		{E1ACB06A-20F4-47D6-8C9A-B6823022BFF9}.AppStore|iPhoneSimulator.ActiveCfg = AppStore|iPhoneSimulator
		{E1ACB06A-20F4-47D6-8C9A-B6823022BFF9}.AppStore|iPhoneSimulator.Build.0 = AppStore|iPhoneSimulator
		{E1ACB06A-20F4-47D6-8C9A-B6823022BFF9}.AppStore|iPhoneSimulator.Deploy.0 = AppStore|iPhoneSimulator
		{E1ACB06A-20F4-47D6-8C9A-B6823022BFF9}.AppStore|x64.ActiveCfg = AppStore|iPhone
		{E1ACB06A-20F4-47D6-8C9A-B6823022BFF9}.AppStore|x64.Build.0 = AppStore|iPhone
		{E1ACB06A-20F4-47D6-8C9A-B6823022BFF9}.AppStore|x64.Deploy.0 = AppStore|iPhone
		{E1ACB06A-20F4-47D6-8C9A-B6823022BFF9}.AppStore|x86.ActiveCfg = AppStore|iPhone
		{E1ACB06A-20F4-47D6-8C9A-B6823022BFF9}.AppStore|x86.Build.0 = AppStore|iPhone
		{E1ACB06A-20F4-47D6-8C9A-B6823022BFF9}.AppStore|x86.Deploy.0 = AppStore|iPhone
		{E1ACB06A-20F4-47D6-8C9A-B6823022BFF9}.Debug|Any CPU.ActiveCfg = Debug|iPhoneSimulator
		{E1ACB06A-20F4-47D6-8C9A-B6823022BFF9}.Debug|Any CPU.Build.0 = Debug|iPhoneSimulator
		{E1ACB06A-20F4-47D6-8C9A-B6823022BFF9}.Debug|Any CPU.Deploy.0 = Debug|iPhoneSimulator
		{E1ACB06A-20F4-47D6-8C9A-B6823022BFF9}.Debug|ARM.ActiveCfg = Debug|iPhone
		{E1ACB06A-20F4-47D6-8C9A-B6823022BFF9}.Debug|ARM.Build.0 = Debug|iPhone
		{E1ACB06A-20F4-47D6-8C9A-B6823022BFF9}.Debug|ARM.Deploy.0 = Debug|iPhone
		{E1ACB06A-20F4-47D6-8C9A-B6823022BFF9}.Debug|iPhone.ActiveCfg = Debug|iPhone
		{E1ACB06A-20F4-47D6-8C9A-B6823022BFF9}.Debug|iPhone.Build.0 = Debug|iPhone
		{E1ACB06A-20F4-47D6-8C9A-B6823022BFF9}.Debug|iPhone.Deploy.0 = Debug|iPhone
		{E1ACB06A-20F4-47D6-8C9A-B6823022BFF9}.Debug|iPhoneSimulator.ActiveCfg = Debug|iPhoneSimulator
		{E1ACB06A-20F4-47D6-8C9A-B6823022BFF9}.Debug|iPhoneSimulator.Build.0 = Debug|iPhoneSimulator
		{E1ACB06A-20F4-47D6-8C9A-B6823022BFF9}.Debug|iPhoneSimulator.Deploy.0 = Debug|iPhoneSimulator
		{E1ACB06A-20F4-47D6-8C9A-B6823022BFF9}.Debug|x64.ActiveCfg = Debug|iPhone
		{E1ACB06A-20F4-47D6-8C9A-B6823022BFF9}.Debug|x64.Build.0 = Debug|iPhone
		{E1ACB06A-20F4-47D6-8C9A-B6823022BFF9}.Debug|x64.Deploy.0 = Debug|iPhone
		{E1ACB06A-20F4-47D6-8C9A-B6823022BFF9}.Debug|x86.ActiveCfg = Debug|iPhone
		{E1ACB06A-20F4-47D6-8C9A-B6823022BFF9}.Debug|x86.Build.0 = Debug|iPhone
		{E1ACB06A-20F4-47D6-8C9A-B6823022BFF9}.Debug|x86.Deploy.0 = Debug|iPhone
		{E1ACB06A-20F4-47D6-8C9A-B6823022BFF9}.Release|Any CPU.ActiveCfg = Release|iPhone
		{E1ACB06A-20F4-47D6-8C9A-B6823022BFF9}.Release|Any CPU.Build.0 = Release|iPhone
		{E1ACB06A-20F4-47D6-8C9A-B6823022BFF9}.Release|Any CPU.Deploy.0 = Release|iPhone
		{E1ACB06A-20F4-47D6-8C9A-B6823022BFF9}.Release|ARM.ActiveCfg = Release|iPhone
		{E1ACB06A-20F4-47D6-8C9A-B6823022BFF9}.Release|ARM.Build.0 = Release|iPhone
		{E1ACB06A-20F4-47D6-8C9A-B6823022BFF9}.Release|ARM.Deploy.0 = Release|iPhone
		{E1ACB06A-20F4-47D6-8C9A-B6823022BFF9}.Release|iPhone.ActiveCfg = Release|iPhone
		{E1ACB06A-20F4-47D6-8C9A-B6823022BFF9}.Release|iPhone.Build.0 = Release|iPhone
		{E1ACB06A-20F4-47D6-8C9A-B6823022BFF9}.Release|iPhone.Deploy.0 = Release|iPhone
		{E1ACB06A-20F4-47D6-8C9A-B6823022BFF9}.Release|iPhoneSimulator.ActiveCfg = Release|iPhoneSimulator
		{E1ACB06A-20F4-47D6-8C9A-B6823022BFF9}.Release|iPhoneSimulator.Build.0 = Release|iPhoneSimulator
		{E1ACB06A-20F4-47D6-8C9A-B6823022BFF9}.Release|iPhoneSimulator.Deploy.0 = Release|iPhoneSimulator
		{E1ACB06A-20F4-47D6-8C9A-B6823022BFF9}.Release|x64.ActiveCfg = Release|iPhone
		{E1ACB06A-20F4-47D6-8C9A-B6823022BFF9}.Release|x64.Build.0 = Release|iPhone
		{E1ACB06A-20F4-47D6-8C9A-B6823022BFF9}.Release|x64.Deploy.0 = Release|iPhone
		{E1ACB06A-20F4-47D6-8C9A-B6823022BFF9}.Release|x86.ActiveCfg = Release|iPhone
		{E1ACB06A-20F4-47D6-8C9A-B6823022BFF9}.Release|x86.Build.0 = Release|iPhone
		{E1ACB06A-20F4-47D6-8C9A-B6823022BFF9}.Release|x86.Deploy.0 = Release|iPhone
	EndGlobalSection
	GlobalSection(SolutionProperties) = preSolution
		HideSolutionNode = FALSE
	EndGlobalSection
EndGlobal
